
Microsoft Visual Studio Solution File, Format Version 12.00
# Visual Studio 15
VisualStudioVersion = 15.0.28010.2036
MinimumVisualStudioVersion = 10.0.40219.1
Project("{FAE04EC0-301F-11D3-BF4B-00C04F79EFBC}") = "EAPExam2", "EAPExam2\EAPExam2.csproj", "{E08DB9DC-B570-493A-9B11-FADFFB8F3230}"
EndProject
Global
	GlobalSection(SolutionConfigurationPlatforms) = preSolution
		Debug|Any CPU = Debug|Any CPU
		Release|Any CPU = Release|Any CPU
	EndGlobalSection
	GlobalSection(ProjectConfigurationPlatforms) = postSolution
		{E08DB9DC-B570-493A-9B11-FADFFB8F3230}.Debug|Any CPU.ActiveCfg = Debug|Any CPU
		{E08DB9DC-B570-493A-9B11-FADFFB8F3230}.Debug|Any CPU.Build.0 = Debug|Any CPU
		{E08DB9DC-B570-493A-9B11-FADFFB8F3230}.Release|Any CPU.ActiveCfg = Release|Any CPU
		{E08DB9DC-B570-493A-9B11-FADFFB8F3230}.Release|Any CPU.Build.0 = Release|Any CPU
	EndGlobalSection
	GlobalSection(SolutionProperties) = preSolution
		HideSolutionNode = FALSE
	EndGlobalSection
	GlobalSection(ExtensibilityGlobals) = postSolution
		SolutionGuid = {8A07764E-F15E-4D92-9628-130E7DB6E34E}
	EndGlobalSection
EndGlobal
