
Microsoft Visual Studio Solution File, Format Version 12.00
# Visual Studio 15
VisualStudioVersion = 15.0.28010.2036
MinimumVisualStudioVersion = 10.0.40219.1
Project("{FAE04EC0-301F-11D3-BF4B-00C04F79EFBC}") = "PracticeExam2", "PracticeExam2\PracticeExam2.csproj", "{B77537F2-09E0-4100-854E-8954D0C88F9C}"
EndProject
Global
	GlobalSection(SolutionConfigurationPlatforms) = preSolution
		Debug|Any CPU = Debug|Any CPU
		Release|Any CPU = Release|Any CPU
	EndGlobalSection
	GlobalSection(ProjectConfigurationPlatforms) = postSolution
		{B77537F2-09E0-4100-854E-8954D0C88F9C}.Debug|Any CPU.ActiveCfg = Debug|Any CPU
		{B77537F2-09E0-4100-854E-8954D0C88F9C}.Debug|Any CPU.Build.0 = Debug|Any CPU
		{B77537F2-09E0-4100-854E-8954D0C88F9C}.Release|Any CPU.ActiveCfg = Release|Any CPU
		{B77537F2-09E0-4100-854E-8954D0C88F9C}.Release|Any CPU.Build.0 = Release|Any CPU
	EndGlobalSection
	GlobalSection(SolutionProperties) = preSolution
		HideSolutionNode = FALSE
	EndGlobalSection
	GlobalSection(ExtensibilityGlobals) = postSolution
		SolutionGuid = {A2E10510-E6B8-4C17-BFC1-E28F6D527727}
	EndGlobalSection
EndGlobal
